
Microsoft Visual Studio Solution File, Format Version 12.00
# Visual Studio Version 16
VisualStudioVersion = 16.0.29411.108
MinimumVisualStudioVersion = 10.0.40219.1
Project("{FAE04EC0-301F-11D3-BF4B-00C04F79EFBC}") = "HW6.Android", "HW6\HW6.Android\HW6.Android.csproj", "{78EFE17E-0B47-4386-AAFD-2CD4BC103187}"
EndProject
Project("{FAE04EC0-301F-11D3-BF4B-00C04F79EFBC}") = "HW6.iOS", "HW6\HW6.iOS\HW6.iOS.csproj", "{BD110829-83BA-4C4C-860B-C72BB739FBC6}"
EndProject
Project("{FAE04EC0-301F-11D3-BF4B-00C04F79EFBC}") = "HW6", "HW6\HW6\HW6.csproj", "{16523087-B9C2-41BB-8B21-4A12629C2D03}"
EndProject
Global
	GlobalSection(SolutionConfigurationPlatforms) = preSolution
		Debug|Any CPU = Debug|Any CPU
		Debug|iPhone = Debug|iPhone
		Debug|iPhoneSimulator = Debug|iPhoneSimulator
		Release|Any CPU = Release|Any CPU
		Release|iPhone = Release|iPhone
		Release|iPhoneSimulator = Release|iPhoneSimulator
	EndGlobalSection
	GlobalSection(ProjectConfigurationPlatforms) = postSolution
		{78EFE17E-0B47-4386-AAFD-2CD4BC103187}.Debug|Any CPU.ActiveCfg = Debug|Any CPU
		{78EFE17E-0B47-4386-AAFD-2CD4BC103187}.Debug|Any CPU.Build.0 = Debug|Any CPU
		{78EFE17E-0B47-4386-AAFD-2CD4BC103187}.Debug|Any CPU.Deploy.0 = Debug|Any CPU
		{78EFE17E-0B47-4386-AAFD-2CD4BC103187}.Debug|iPhone.ActiveCfg = Debug|Any CPU
		{78EFE17E-0B47-4386-AAFD-2CD4BC103187}.Debug|iPhone.Build.0 = Debug|Any CPU
		{78EFE17E-0B47-4386-AAFD-2CD4BC103187}.Debug|iPhone.Deploy.0 = Debug|Any CPU
		{78EFE17E-0B47-4386-AAFD-2CD4BC103187}.Debug|iPhoneSimulator.ActiveCfg = Debug|Any CPU
		{78EFE17E-0B47-4386-AAFD-2CD4BC103187}.Debug|iPhoneSimulator.Build.0 = Debug|Any CPU
		{78EFE17E-0B47-4386-AAFD-2CD4BC103187}.Debug|iPhoneSimulator.Deploy.0 = Debug|Any CPU
		{78EFE17E-0B47-4386-AAFD-2CD4BC103187}.Release|Any CPU.ActiveCfg = Release|Any CPU
		{78EFE17E-0B47-4386-AAFD-2CD4BC103187}.Release|Any CPU.Build.0 = Release|Any CPU
		{78EFE17E-0B47-4386-AAFD-2CD4BC103187}.Release|Any CPU.Deploy.0 = Release|Any CPU
		{78EFE17E-0B47-4386-AAFD-2CD4BC103187}.Release|iPhone.ActiveCfg = Release|Any CPU
		{78EFE17E-0B47-4386-AAFD-2CD4BC103187}.Release|iPhone.Build.0 = Release|Any CPU
		{78EFE17E-0B47-4386-AAFD-2CD4BC103187}.Release|iPhone.Deploy.0 = Release|Any CPU
		{78EFE17E-0B47-4386-AAFD-2CD4BC103187}.Release|iPhoneSimulator.ActiveCfg = Release|Any CPU
		{78EFE17E-0B47-4386-AAFD-2CD4BC103187}.Release|iPhoneSimulator.Build.0 = Release|Any CPU
		{78EFE17E-0B47-4386-AAFD-2CD4BC103187}.Release|iPhoneSimulator.Deploy.0 = Release|Any CPU
		{BD110829-83BA-4C4C-860B-C72BB739FBC6}.Debug|Any CPU.ActiveCfg = Debug|iPhoneSimulator
		{BD110829-83BA-4C4C-860B-C72BB739FBC6}.Debug|Any CPU.Build.0 = Debug|iPhoneSimulator
		{BD110829-83BA-4C4C-860B-C72BB739FBC6}.Debug|Any CPU.Deploy.0 = Debug|iPhoneSimulator
		{BD110829-83BA-4C4C-860B-C72BB739FBC6}.Debug|iPhone.ActiveCfg = Debug|iPhone
		{BD110829-83BA-4C4C-860B-C72BB739FBC6}.Debug|iPhone.Build.0 = Debug|iPhone
		{BD110829-83BA-4C4C-860B-C72BB739FBC6}.Debug|iPhone.Deploy.0 = Debug|iPhone
		{BD110829-83BA-4C4C-860B-C72BB739FBC6}.Debug|iPhoneSimulator.ActiveCfg = Debug|iPhoneSimulator
		{BD110829-83BA-4C4C-860B-C72BB739FBC6}.Debug|iPhoneSimulator.Build.0 = Debug|iPhoneSimulator
		{BD110829-83BA-4C4C-860B-C72BB739FBC6}.Debug|iPhoneSimulator.Deploy.0 = Debug|iPhoneSimulator
		{BD110829-83BA-4C4C-860B-C72BB739FBC6}.Release|Any CPU.ActiveCfg = Release|iPhone
		{BD110829-83BA-4C4C-860B-C72BB739FBC6}.Release|Any CPU.Build.0 = Release|iPhone
		{BD110829-83BA-4C4C-860B-C72BB739FBC6}.Release|Any CPU.Deploy.0 = Release|iPhone
		{BD110829-83BA-4C4C-860B-C72BB739FBC6}.Release|iPhone.ActiveCfg = Release|iPhone
		{BD110829-83BA-4C4C-860B-C72BB739FBC6}.Release|iPhone.Build.0 = Release|iPhone
		{BD110829-83BA-4C4C-860B-C72BB739FBC6}.Release|iPhone.Deploy.0 = Release|iPhone
		{BD110829-83BA-4C4C-860B-C72BB739FBC6}.Release|iPhoneSimulator.ActiveCfg = Release|iPhoneSimulator
		{BD110829-83BA-4C4C-860B-C72BB739FBC6}.Release|iPhoneSimulator.Build.0 = Release|iPhoneSimulator
		{BD110829-83BA-4C4C-860B-C72BB739FBC6}.Release|iPhoneSimulator.Deploy.0 = Release|iPhoneSimulator
		{16523087-B9C2-41BB-8B21-4A12629C2D03}.Debug|Any CPU.ActiveCfg = Debug|Any CPU
		{16523087-B9C2-41BB-8B21-4A12629C2D03}.Debug|Any CPU.Build.0 = Debug|Any CPU
		{16523087-B9C2-41BB-8B21-4A12629C2D03}.Debug|Any CPU.Deploy.0 = Debug|Any CPU
		{16523087-B9C2-41BB-8B21-4A12629C2D03}.Debug|iPhone.ActiveCfg = Debug|Any CPU
		{16523087-B9C2-41BB-8B21-4A12629C2D03}.Debug|iPhone.Build.0 = Debug|Any CPU
		{16523087-B9C2-41BB-8B21-4A12629C2D03}.Debug|iPhone.Deploy.0 = Debug|Any CPU
		{16523087-B9C2-41BB-8B21-4A12629C2D03}.Debug|iPhoneSimulator.ActiveCfg = Debug|Any CPU
		{16523087-B9C2-41BB-8B21-4A12629C2D03}.Debug|iPhoneSimulator.Build.0 = Debug|Any CPU
		{16523087-B9C2-41BB-8B21-4A12629C2D03}.Debug|iPhoneSimulator.Deploy.0 = Debug|Any CPU
		{16523087-B9C2-41BB-8B21-4A12629C2D03}.Release|Any CPU.ActiveCfg = Release|Any CPU
		{16523087-B9C2-41BB-8B21-4A12629C2D03}.Release|Any CPU.Build.0 = Release|Any CPU
		{16523087-B9C2-41BB-8B21-4A12629C2D03}.Release|Any CPU.Deploy.0 = Release|Any CPU
		{16523087-B9C2-41BB-8B21-4A12629C2D03}.Release|iPhone.ActiveCfg = Release|Any CPU
		{16523087-B9C2-41BB-8B21-4A12629C2D03}.Release|iPhone.Build.0 = Release|Any CPU
		{16523087-B9C2-41BB-8B21-4A12629C2D03}.Release|iPhone.Deploy.0 = Release|Any CPU
		{16523087-B9C2-41BB-8B21-4A12629C2D03}.Release|iPhoneSimulator.ActiveCfg = Release|Any CPU
		{16523087-B9C2-41BB-8B21-4A12629C2D03}.Release|iPhoneSimulator.Build.0 = Release|Any CPU
		{16523087-B9C2-41BB-8B21-4A12629C2D03}.Release|iPhoneSimulator.Deploy.0 = Release|Any CPU
	EndGlobalSection
	GlobalSection(SolutionProperties) = preSolution
		HideSolutionNode = FALSE
	EndGlobalSection
	GlobalSection(ExtensibilityGlobals) = postSolution
		SolutionGuid = {6FBEB68C-3F41-4F3C-BF20-870833C2A69B}
	EndGlobalSection
EndGlobal
